# generated by rye
# use `rye lock` or `rye sync` to update this lockfile
#
# last locked with the following flags:
#   pre: false
#   features: []
#   all-features: false
#   with-sources: false
#   generate-hashes: false
#   universal: false

-e file:.
beautifulsoup4==4.13.4
    # via bs4
bs4==0.0.2
    # via docker
certifi==2025.4.26
    # via requests
charset-normalizer==3.4.2
    # via requests
idna==3.10
    # via requests
numpy==2.2.5
    # via pandas
pandas==2.2.3
    # via docker
python-dateutil==2.9.0.post0
    # via pandas
python-dotenv==1.1.0
    # via docker
pytz==2025.2
    # via pandas
requests==2.32.3
    # via docker
six==1.17.0
    # via python-dateutil
soupsieve==2.7
    # via beautifulsoup4
typing-extensions==4.13.2
    # via beautifulsoup4
tzdata==2025.2
    # via pandas
urllib3==2.4.0
    # via requests
